filippo.io/edwards25519 v1.1.0 h1:FNf4tywRC1HmFuKW5xopWpigGjJKiJSV0Cqo0cJWDaA=
filippo.io/edwards25519 v1.1.0/go.mod h1:BxyFTGdWcka3PhytdK4V28tE5sGfRvvvRV7EaN4VDT4=
github.com/ckf10000/gologger v1.0.1 h1:I7+QrTqlJQdhIhkSK03Aae6sBR6EKDDV8tDu10Wz/dE=
github.com/ckf10000/gologger v1.0.1/go.mod h1:PHlWBqF/7pAOpcR4iDQ5y+vKT/enUuA/AmQlfn5w9MM=
github.com/ckf10000/gologger/v2 v2.0.0 h1:ipeMmiTlku87+hZmw1sa+QOScN8onTY8kZ3UOmyjhm8=
github.com/ckf10000/gologger/v2 v2.0.0/go.mod h1:Qqkqzlst10I9j/Ly3D4lTfYmNPQI+wX60oXLWQO5ekY=
github.com/go-sql-driver/mysql v1.8.1 h1:LedoTUt/eveggdHS9qUFC1EFSa8bU2+1pZjSRpvNJ1Y=
github.com/go-sql-driver/mysql v1.8.1/go.mod h1:wEBSXgmK//2ZFJyE+qWnIsVGmvmEKlqwuVSjsCm7DZg=
github.com/streadway/amqp v1.1.0 h1:py12iX8XSyI7aN/3dUT8DFIDJazNJsVJdxNVEpnQTZM=
github.com/streadway/amqp v1.1.0/go.mod h1:WYSrTEYHOXHd0nwFeUXAe2G2hRnQT+deZJJf88uS9Bg=
